
Microsoft Visual Studio Solution File, Format Version 12.00
# Visual Studio Version 16
VisualStudioVersion = 16.0.31702.278
MinimumVisualStudioVersion = 10.0.40219.1
Project("{FAE04EC0-301F-11D3-BF4B-00C04F79EFBC}") = "Gurme2", "Gurme2.csproj", "{3C375BF0-1E0C-49B0-8EE1-2B2BD754C5A4}"
EndProject
Global
	GlobalSection(SolutionConfigurationPlatforms) = preSolution
		Debug|Any CPU = Debug|Any CPU
		Release|Any CPU = Release|Any CPU
	EndGlobalSection
	GlobalSection(ProjectConfigurationPlatforms) = postSolution
		{3C375BF0-1E0C-49B0-8EE1-2B2BD754C5A4}.Debug|Any CPU.ActiveCfg = Debug|Any CPU
		{3C375BF0-1E0C-49B0-8EE1-2B2BD754C5A4}.Debug|Any CPU.Build.0 = Debug|Any CPU
		{3C375BF0-1E0C-49B0-8EE1-2B2BD754C5A4}.Release|Any CPU.ActiveCfg = Release|Any CPU
		{3C375BF0-1E0C-49B0-8EE1-2B2BD754C5A4}.Release|Any CPU.Build.0 = Release|Any CPU
	EndGlobalSection
	GlobalSection(SolutionProperties) = preSolution
		HideSolutionNode = FALSE
	EndGlobalSection
	GlobalSection(ExtensibilityGlobals) = postSolution
		SolutionGuid = {307D0B3F-8C4F-4F19-8CEE-F4C9F298BDBF}
	EndGlobalSection
EndGlobal
